
Microsoft Visual Studio Solution File, Format Version 12.00
# Visual Studio Version 17
VisualStudioVersion = 17.4.33205.214
MinimumVisualStudioVersion = 10.0.40219.1
Project("{FAE04EC0-301F-11D3-BF4B-00C04F79EFBC}") = "DZ_c_diez_7710", "DZ_c_diez_7710\DZ_c_diez_7710.csproj", "{23F08406-FE8F-4B72-B283-D729A37F5134}"
EndProject
Global
	GlobalSection(SolutionConfigurationPlatforms) = preSolution
		Debug|Any CPU = Debug|Any CPU
		Release|Any CPU = Release|Any CPU
	EndGlobalSection
	GlobalSection(ProjectConfigurationPlatforms) = postSolution
		{23F08406-FE8F-4B72-B283-D729A37F5134}.Debug|Any CPU.ActiveCfg = Debug|Any CPU
		{23F08406-FE8F-4B72-B283-D729A37F5134}.Debug|Any CPU.Build.0 = Debug|Any CPU
		{23F08406-FE8F-4B72-B283-D729A37F5134}.Release|Any CPU.ActiveCfg = Release|Any CPU
		{23F08406-FE8F-4B72-B283-D729A37F5134}.Release|Any CPU.Build.0 = Release|Any CPU
	EndGlobalSection
	GlobalSection(SolutionProperties) = preSolution
		HideSolutionNode = FALSE
	EndGlobalSection
	GlobalSection(ExtensibilityGlobals) = postSolution
		SolutionGuid = {C314BC87-8B07-4466-8C31-86D883A194AC}
	EndGlobalSection
EndGlobal
